
Microsoft Visual Studio Solution File, Format Version 12.00
# Visual Studio 2012
Project("{FAE04EC0-301F-11D3-BF4B-00C04F79EFBC}") = "NUnitAllureAdapter", "NUnitAllureAdapter\NUnitAllureAdapter.csproj", "{FC9BAA27-8ACB-465D-BDD8-ACEBD797ECAC}"
EndProject
Global
	GlobalSection(SolutionConfigurationPlatforms) = preSolution
		Debug|Any CPU = Debug|Any CPU
		Release|Any CPU = Release|Any CPU
	EndGlobalSection
	GlobalSection(ProjectConfigurationPlatforms) = postSolution
		{FC9BAA27-8ACB-465D-BDD8-ACEBD797ECAC}.Debug|Any CPU.ActiveCfg = Debug|Any CPU
		{FC9BAA27-8ACB-465D-BDD8-ACEBD797ECAC}.Debug|Any CPU.Build.0 = Debug|Any CPU
		{FC9BAA27-8ACB-465D-BDD8-ACEBD797ECAC}.Release|Any CPU.ActiveCfg = Release|Any CPU
		{FC9BAA27-8ACB-465D-BDD8-ACEBD797ECAC}.Release|Any CPU.Build.0 = Release|Any CPU
	EndGlobalSection
	GlobalSection(SolutionProperties) = preSolution
		HideSolutionNode = FALSE
	EndGlobalSection
EndGlobal
